
Microsoft Visual Studio Solution File, Format Version 12.00
# Visual Studio Version 16
VisualStudioVersion = 16.0.28803.156
MinimumVisualStudioVersion = 10.0.40219.1
Project("{9A19103F-16F7-4668-BE54-9A1E7A4F7556}") = "Messages", "Messages\Messages.csproj", "{156C17DD-AA6B-4BD9-A7C4-DD96A376884F}"
EndProject
Project("{9A19103F-16F7-4668-BE54-9A1E7A4F7556}") = "Publisher", "Publisher\Publisher.csproj", "{576CDCBC-3D1F-4603-B886-5BC6124C2A1F}"
EndProject
Project("{9A19103F-16F7-4668-BE54-9A1E7A4F7556}") = "angular-identity", "angular-identity\angular-identity.csproj", "{E09B2035-6693-4B37-9FCA-38F630FB1F07}"
EndProject
Project("{9A19103F-16F7-4668-BE54-9A1E7A4F7556}") = "Subscriber", "Subscriber\Subscriber.csproj", "{3460FBB3-8751-497D-BA4C-D68BAC04324D}"
EndProject
Global
	GlobalSection(SolutionConfigurationPlatforms) = preSolution
		Debug|Any CPU = Debug|Any CPU
		Release|Any CPU = Release|Any CPU
	EndGlobalSection
	GlobalSection(ProjectConfigurationPlatforms) = postSolution
		{156C17DD-AA6B-4BD9-A7C4-DD96A376884F}.Debug|Any CPU.ActiveCfg = Debug|Any CPU
		{156C17DD-AA6B-4BD9-A7C4-DD96A376884F}.Debug|Any CPU.Build.0 = Debug|Any CPU
		{156C17DD-AA6B-4BD9-A7C4-DD96A376884F}.Release|Any CPU.ActiveCfg = Release|Any CPU
		{156C17DD-AA6B-4BD9-A7C4-DD96A376884F}.Release|Any CPU.Build.0 = Release|Any CPU
		{576CDCBC-3D1F-4603-B886-5BC6124C2A1F}.Debug|Any CPU.ActiveCfg = Debug|Any CPU
		{576CDCBC-3D1F-4603-B886-5BC6124C2A1F}.Debug|Any CPU.Build.0 = Debug|Any CPU
		{576CDCBC-3D1F-4603-B886-5BC6124C2A1F}.Release|Any CPU.ActiveCfg = Release|Any CPU
		{576CDCBC-3D1F-4603-B886-5BC6124C2A1F}.Release|Any CPU.Build.0 = Release|Any CPU
		{E09B2035-6693-4B37-9FCA-38F630FB1F07}.Debug|Any CPU.ActiveCfg = Debug|Any CPU
		{E09B2035-6693-4B37-9FCA-38F630FB1F07}.Debug|Any CPU.Build.0 = Debug|Any CPU
		{E09B2035-6693-4B37-9FCA-38F630FB1F07}.Release|Any CPU.ActiveCfg = Release|Any CPU
		{E09B2035-6693-4B37-9FCA-38F630FB1F07}.Release|Any CPU.Build.0 = Release|Any CPU
		{3460FBB3-8751-497D-BA4C-D68BAC04324D}.Debug|Any CPU.ActiveCfg = Debug|Any CPU
		{3460FBB3-8751-497D-BA4C-D68BAC04324D}.Debug|Any CPU.Build.0 = Debug|Any CPU
		{3460FBB3-8751-497D-BA4C-D68BAC04324D}.Release|Any CPU.ActiveCfg = Release|Any CPU
		{3460FBB3-8751-497D-BA4C-D68BAC04324D}.Release|Any CPU.Build.0 = Release|Any CPU
	EndGlobalSection
	GlobalSection(SolutionProperties) = preSolution
		HideSolutionNode = FALSE
	EndGlobalSection
	GlobalSection(ExtensibilityGlobals) = postSolution
		SolutionGuid = {A33B184F-CA42-46A2-85FD-C07344D05ED3}
	EndGlobalSection
EndGlobal
